
Microsoft Visual Studio Solution File, Format Version 12.00
# Visual Studio 14
VisualStudioVersion = 14.0.25420.1
MinimumVisualStudioVersion = 10.0.40219.1
Project("{2150E333-8FDC-42A3-9474-1A3956D46DE8}") = "00 Presentation", "00 Presentation", "{19E1D90E-4A35-4A95-BE9A-376EAEFB6425}"
EndProject
Project("{2150E333-8FDC-42A3-9474-1A3956D46DE8}") = "40 Domain", "40 Domain", "{C0891230-F8DA-43AB-BA42-E6AC42294DD2}"
EndProject
Project("{FAE04EC0-301F-11D3-BF4B-00C04F79EFBC}") = "Tianyue.Domain", "Tianyue.Domain\Tianyue.Domain.csproj", "{FECD1F34-2656-45E3-B382-7119003B5BCB}"
EndProject
Project("{2150E333-8FDC-42A3-9474-1A3956D46DE8}") = "10 Application", "10 Application", "{2CA195CE-9958-42AB-AB37-1E8534D81CD4}"
EndProject
Project("{2150E333-8FDC-42A3-9474-1A3956D46DE8}") = "20 Infrastructure", "20 Infrastructure", "{8686E76F-0A9A-4F3C-AED7-E954757AADE0}"
EndProject
Project("{2150E333-8FDC-42A3-9474-1A3956D46DE8}") = "30 Command", "30 Command", "{02F52184-4FCA-41A6-B2FB-9833CD23FBEC}"
EndProject
Project("{2150E333-8FDC-42A3-9474-1A3956D46DE8}") = "50 Event", "50 Event", "{CF995AFB-CFBD-4EC9-A8D9-283D509878C2}"
EndProject
Project("{FAE04EC0-301F-11D3-BF4B-00C04F79EFBC}") = "Tianyue.CommandHandler", "Tianyue.CommandHandler\Tianyue.CommandHandler.csproj", "{9B70F05C-B2D0-4D95-9D1C-37E6E4F3D2AD}"
EndProject
Project("{FAE04EC0-301F-11D3-BF4B-00C04F79EFBC}") = "Tianyue.Command", "Tianyue.Command\Tianyue.Command.csproj", "{E6A9A5EC-DCD2-458D-98FC-4C6C20DB727E}"
EndProject
Project("{FAE04EC0-301F-11D3-BF4B-00C04F79EFBC}") = "Tianyue.EventHandler", "Tianyue.EventHandler\Tianyue.EventHandler.csproj", "{FAD410C2-C70F-4E6F-8EFF-283B2598A28A}"
EndProject
Project("{FAE04EC0-301F-11D3-BF4B-00C04F79EFBC}") = "Tianyue.Event", "Tianyue.Event\Tianyue.Event.csproj", "{832163C6-3C7B-42C5-B9BF-DDA7CDF6E028}"
EndProject
Project("{FAE04EC0-301F-11D3-BF4B-00C04F79EFBC}") = "Tianyue.CommandBus", "Tianyue.CommandBus\Tianyue.CommandBus.csproj", "{32869DDA-B1D3-49CB-AA62-6254E2C0D71D}"
EndProject
Project("{FAE04EC0-301F-11D3-BF4B-00C04F79EFBC}") = "Tianyue.EventBus", "Tianyue.EventBus\Tianyue.EventBus.csproj", "{822B33A8-9C15-4E9B-8A98-58E3C0A1787E}"
EndProject
Project("{2150E333-8FDC-42A3-9474-1A3956D46DE8}") = "70 Storage", "70 Storage", "{23044735-BBEB-437F-A451-80952DACDB93}"
EndProject
Project("{FAE04EC0-301F-11D3-BF4B-00C04F79EFBC}") = "Tianyue.ServiceLocator", "Tianyue.ServiceLocator\Tianyue.ServiceLocator.csproj", "{22387868-906B-4D3F-AE2A-9316459CEACC}"
EndProject
Project("{FAE04EC0-301F-11D3-BF4B-00C04F79EFBC}") = "Tianyue.Repository", "Tianyue.Repository\Tianyue.Repository.csproj", "{9E989402-4E60-4FF3-8ABB-AECA419442E3}"
EndProject
Project("{FAE04EC0-301F-11D3-BF4B-00C04F79EFBC}") = "Tianyue.Mapping", "Tianyue.Mapping\Tianyue.Mapping.csproj", "{4B20DD4C-2C10-434A-AD46-515541FBEADC}"
EndProject
Project("{FAE04EC0-301F-11D3-BF4B-00C04F79EFBC}") = "Tianyue.Provider", "Tianyue.Provider\Tianyue.Provider.csproj", "{8C708A75-7D67-4F8B-A347-F994A468CEEB}"
EndProject
Project("{FAE04EC0-301F-11D3-BF4B-00C04F79EFBC}") = "Tianyue.Facade", "Tianyue.Facade\Tianyue.Facade.csproj", "{230E96DF-7DBB-4190-B10C-8881784E2F52}"
EndProject
Project("{FAE04EC0-301F-11D3-BF4B-00C04F79EFBC}") = "Tianyue.Strategy", "Tianyue.Strategy\Tianyue.Strategy.csproj", "{4C74F371-0AFF-47FB-A22E-FC687D312FDD}"
EndProject
Project("{FAE04EC0-301F-11D3-BF4B-00C04F79EFBC}") = "Tianyue.Business", "Tianyue.Business\Tianyue.Business.csproj", "{64679349-8588-4179-A6C6-30ADA0F7ED3F}"
EndProject
Project("{FAE04EC0-301F-11D3-BF4B-00C04F79EFBC}") = "Tianyue.Business.Contract", "Tianyue.Business.Contract\Tianyue.Business.Contract.csproj", "{2A5D72BA-00C6-4AE9-A1BE-F9A2DB817A2D}"
EndProject
Project("{FAE04EC0-301F-11D3-BF4B-00C04F79EFBC}") = "Tianyue.Facade.Contract", "Tianyue.Facade.Contract\Tianyue.Facade.Contract.csproj", "{0F5C1B6D-888B-4BD3-B826-A5A43545411F}"
EndProject
Project("{FAE04EC0-301F-11D3-BF4B-00C04F79EFBC}") = "Tianyue.Strategy.Contract", "Tianyue.Strategy.Contract\Tianyue.Strategy.Contract.csproj", "{4AA52AB9-9481-4E62-AD5E-3F14E4AD45F1}"
EndProject
Project("{FAE04EC0-301F-11D3-BF4B-00C04F79EFBC}") = "Tianyue.Repository.Contract", "Tianyue.Repository.Contract\Tianyue.Repository.Contract.csproj", "{B8A5862D-DA5E-4DAF-8323-08AC94D6AA82}"
EndProject
Project("{FAE04EC0-301F-11D3-BF4B-00C04F79EFBC}") = "Tianyue.Dream.MVC", "Tianyue.Dream.MVC\Tianyue.Dream.MVC.csproj", "{4DFE6313-761C-4294-B615-B80C0520BEEC}"
EndProject
Project("{FAE04EC0-301F-11D3-BF4B-00C04F79EFBC}") = "Tianyue.Dream.MVC.Tests", "Tianyue.Dream.MVC.Tests\Tianyue.Dream.MVC.Tests.csproj", "{842A5F05-31CB-4688-9D2D-009467FE2D1F}"
EndProject
Project("{FAE04EC0-301F-11D3-BF4B-00C04F79EFBC}") = "Tianyue.GlobalInstallation", "Tianyue.Global\Tianyue.GlobalInstallation.csproj", "{E4674A1E-1EB2-43DC-8949-83072718856B}"
EndProject
Project("{FAE04EC0-301F-11D3-BF4B-00C04F79EFBC}") = "Tianyue.Service", "Tianyue.Service\Tianyue.Service.csproj", "{F6473AA2-F9AE-4675-B4F3-80D881FEF1AF}"
EndProject
Project("{FAE04EC0-301F-11D3-BF4B-00C04F79EFBC}") = "Tianyue.Dream.WPF", "Tianyue.Dream.WPF\Tianyue.Dream.WPF.csproj", "{EC7C3137-62D2-4D53-B979-5F2095190997}"
EndProject
Project("{FAE04EC0-301F-11D3-BF4B-00C04F79EFBC}") = "Tianyue.Wpf.Control", "Tianyue.Wpf.Control\Tianyue.Wpf.Control.csproj", "{8B2DF90E-5AC0-48AD-9463-06858C8DE0AC}"
EndProject
Project("{FAE04EC0-301F-11D3-BF4B-00C04F79EFBC}") = "Tianyue.Utility", "Tianyue.Utility\Tianyue.Utility.csproj", "{A8408D7B-20DD-4E4D-B65A-A4086F722391}"
EndProject
Project("{FAE04EC0-301F-11D3-BF4B-00C04F79EFBC}") = "Tianyue.Logger", "Tianyue.Logger\Tianyue.Logger.csproj", "{EF482BF0-69D6-4C4F-AE35-DAD53444853E}"
EndProject
Global
	GlobalSection(SolutionConfigurationPlatforms) = preSolution
		Debug|Any CPU = Debug|Any CPU
		Debug|x86 = Debug|x86
		Release|Any CPU = Release|Any CPU
		Release|x86 = Release|x86
	EndGlobalSection
	GlobalSection(ProjectConfigurationPlatforms) = postSolution
		{FECD1F34-2656-45E3-B382-7119003B5BCB}.Debug|Any CPU.ActiveCfg = Debug|Any CPU
		{FECD1F34-2656-45E3-B382-7119003B5BCB}.Debug|Any CPU.Build.0 = Debug|Any CPU
		{FECD1F34-2656-45E3-B382-7119003B5BCB}.Debug|x86.ActiveCfg = Debug|x86
		{FECD1F34-2656-45E3-B382-7119003B5BCB}.Debug|x86.Build.0 = Debug|x86
		{FECD1F34-2656-45E3-B382-7119003B5BCB}.Release|Any CPU.ActiveCfg = Release|Any CPU
		{FECD1F34-2656-45E3-B382-7119003B5BCB}.Release|Any CPU.Build.0 = Release|Any CPU
		{FECD1F34-2656-45E3-B382-7119003B5BCB}.Release|x86.ActiveCfg = Release|x86
		{FECD1F34-2656-45E3-B382-7119003B5BCB}.Release|x86.Build.0 = Release|x86
		{9B70F05C-B2D0-4D95-9D1C-37E6E4F3D2AD}.Debug|Any CPU.ActiveCfg = Debug|Any CPU
		{9B70F05C-B2D0-4D95-9D1C-37E6E4F3D2AD}.Debug|Any CPU.Build.0 = Debug|Any CPU
		{9B70F05C-B2D0-4D95-9D1C-37E6E4F3D2AD}.Debug|x86.ActiveCfg = Debug|x86
		{9B70F05C-B2D0-4D95-9D1C-37E6E4F3D2AD}.Debug|x86.Build.0 = Debug|x86
		{9B70F05C-B2D0-4D95-9D1C-37E6E4F3D2AD}.Release|Any CPU.ActiveCfg = Release|Any CPU
		{9B70F05C-B2D0-4D95-9D1C-37E6E4F3D2AD}.Release|Any CPU.Build.0 = Release|Any CPU
		{9B70F05C-B2D0-4D95-9D1C-37E6E4F3D2AD}.Release|x86.ActiveCfg = Release|x86
		{9B70F05C-B2D0-4D95-9D1C-37E6E4F3D2AD}.Release|x86.Build.0 = Release|x86
		{E6A9A5EC-DCD2-458D-98FC-4C6C20DB727E}.Debug|Any CPU.ActiveCfg = Debug|Any CPU
		{E6A9A5EC-DCD2-458D-98FC-4C6C20DB727E}.Debug|Any CPU.Build.0 = Debug|Any CPU
		{E6A9A5EC-DCD2-458D-98FC-4C6C20DB727E}.Debug|x86.ActiveCfg = Debug|x86
		{E6A9A5EC-DCD2-458D-98FC-4C6C20DB727E}.Debug|x86.Build.0 = Debug|x86
		{E6A9A5EC-DCD2-458D-98FC-4C6C20DB727E}.Release|Any CPU.ActiveCfg = Release|Any CPU
		{E6A9A5EC-DCD2-458D-98FC-4C6C20DB727E}.Release|Any CPU.Build.0 = Release|Any CPU
		{E6A9A5EC-DCD2-458D-98FC-4C6C20DB727E}.Release|x86.ActiveCfg = Release|x86
		{E6A9A5EC-DCD2-458D-98FC-4C6C20DB727E}.Release|x86.Build.0 = Release|x86
		{FAD410C2-C70F-4E6F-8EFF-283B2598A28A}.Debug|Any CPU.ActiveCfg = Debug|Any CPU
		{FAD410C2-C70F-4E6F-8EFF-283B2598A28A}.Debug|Any CPU.Build.0 = Debug|Any CPU
		{FAD410C2-C70F-4E6F-8EFF-283B2598A28A}.Debug|x86.ActiveCfg = Debug|x86
		{FAD410C2-C70F-4E6F-8EFF-283B2598A28A}.Debug|x86.Build.0 = Debug|x86
		{FAD410C2-C70F-4E6F-8EFF-283B2598A28A}.Release|Any CPU.ActiveCfg = Release|Any CPU
		{FAD410C2-C70F-4E6F-8EFF-283B2598A28A}.Release|Any CPU.Build.0 = Release|Any CPU
		{FAD410C2-C70F-4E6F-8EFF-283B2598A28A}.Release|x86.ActiveCfg = Release|x86
		{FAD410C2-C70F-4E6F-8EFF-283B2598A28A}.Release|x86.Build.0 = Release|x86
		{832163C6-3C7B-42C5-B9BF-DDA7CDF6E028}.Debug|Any CPU.ActiveCfg = Debug|Any CPU
		{832163C6-3C7B-42C5-B9BF-DDA7CDF6E028}.Debug|Any CPU.Build.0 = Debug|Any CPU
		{832163C6-3C7B-42C5-B9BF-DDA7CDF6E028}.Debug|x86.ActiveCfg = Debug|x86
		{832163C6-3C7B-42C5-B9BF-DDA7CDF6E028}.Debug|x86.Build.0 = Debug|x86
		{832163C6-3C7B-42C5-B9BF-DDA7CDF6E028}.Release|Any CPU.ActiveCfg = Release|Any CPU
		{832163C6-3C7B-42C5-B9BF-DDA7CDF6E028}.Release|Any CPU.Build.0 = Release|Any CPU
		{832163C6-3C7B-42C5-B9BF-DDA7CDF6E028}.Release|x86.ActiveCfg = Release|x86
		{832163C6-3C7B-42C5-B9BF-DDA7CDF6E028}.Release|x86.Build.0 = Release|x86
		{32869DDA-B1D3-49CB-AA62-6254E2C0D71D}.Debug|Any CPU.ActiveCfg = Debug|Any CPU
		{32869DDA-B1D3-49CB-AA62-6254E2C0D71D}.Debug|Any CPU.Build.0 = Debug|Any CPU
		{32869DDA-B1D3-49CB-AA62-6254E2C0D71D}.Debug|x86.ActiveCfg = Debug|x86
		{32869DDA-B1D3-49CB-AA62-6254E2C0D71D}.Debug|x86.Build.0 = Debug|x86
		{32869DDA-B1D3-49CB-AA62-6254E2C0D71D}.Release|Any CPU.ActiveCfg = Release|Any CPU
		{32869DDA-B1D3-49CB-AA62-6254E2C0D71D}.Release|Any CPU.Build.0 = Release|Any CPU
		{32869DDA-B1D3-49CB-AA62-6254E2C0D71D}.Release|x86.ActiveCfg = Release|x86
		{32869DDA-B1D3-49CB-AA62-6254E2C0D71D}.Release|x86.Build.0 = Release|x86
		{822B33A8-9C15-4E9B-8A98-58E3C0A1787E}.Debug|Any CPU.ActiveCfg = Debug|Any CPU
		{822B33A8-9C15-4E9B-8A98-58E3C0A1787E}.Debug|Any CPU.Build.0 = Debug|Any CPU
		{822B33A8-9C15-4E9B-8A98-58E3C0A1787E}.Debug|x86.ActiveCfg = Debug|x86
		{822B33A8-9C15-4E9B-8A98-58E3C0A1787E}.Debug|x86.Build.0 = Debug|x86
		{822B33A8-9C15-4E9B-8A98-58E3C0A1787E}.Release|Any CPU.ActiveCfg = Release|Any CPU
		{822B33A8-9C15-4E9B-8A98-58E3C0A1787E}.Release|Any CPU.Build.0 = Release|Any CPU
		{822B33A8-9C15-4E9B-8A98-58E3C0A1787E}.Release|x86.ActiveCfg = Release|x86
		{822B33A8-9C15-4E9B-8A98-58E3C0A1787E}.Release|x86.Build.0 = Release|x86
		{22387868-906B-4D3F-AE2A-9316459CEACC}.Debug|Any CPU.ActiveCfg = Debug|Any CPU
		{22387868-906B-4D3F-AE2A-9316459CEACC}.Debug|Any CPU.Build.0 = Debug|Any CPU
		{22387868-906B-4D3F-AE2A-9316459CEACC}.Debug|x86.ActiveCfg = Debug|x86
		{22387868-906B-4D3F-AE2A-9316459CEACC}.Debug|x86.Build.0 = Debug|x86
		{22387868-906B-4D3F-AE2A-9316459CEACC}.Release|Any CPU.ActiveCfg = Release|Any CPU
		{22387868-906B-4D3F-AE2A-9316459CEACC}.Release|Any CPU.Build.0 = Release|Any CPU
		{22387868-906B-4D3F-AE2A-9316459CEACC}.Release|x86.ActiveCfg = Release|x86
		{22387868-906B-4D3F-AE2A-9316459CEACC}.Release|x86.Build.0 = Release|x86
		{9E989402-4E60-4FF3-8ABB-AECA419442E3}.Debug|Any CPU.ActiveCfg = Debug|Any CPU
		{9E989402-4E60-4FF3-8ABB-AECA419442E3}.Debug|Any CPU.Build.0 = Debug|Any CPU
		{9E989402-4E60-4FF3-8ABB-AECA419442E3}.Debug|x86.ActiveCfg = Debug|x86
		{9E989402-4E60-4FF3-8ABB-AECA419442E3}.Debug|x86.Build.0 = Debug|x86
		{9E989402-4E60-4FF3-8ABB-AECA419442E3}.Release|Any CPU.ActiveCfg = Release|Any CPU
		{9E989402-4E60-4FF3-8ABB-AECA419442E3}.Release|Any CPU.Build.0 = Release|Any CPU
		{9E989402-4E60-4FF3-8ABB-AECA419442E3}.Release|x86.ActiveCfg = Release|x86
		{9E989402-4E60-4FF3-8ABB-AECA419442E3}.Release|x86.Build.0 = Release|x86
		{4B20DD4C-2C10-434A-AD46-515541FBEADC}.Debug|Any CPU.ActiveCfg = Debug|Any CPU
		{4B20DD4C-2C10-434A-AD46-515541FBEADC}.Debug|Any CPU.Build.0 = Debug|Any CPU
		{4B20DD4C-2C10-434A-AD46-515541FBEADC}.Debug|x86.ActiveCfg = Debug|x86
		{4B20DD4C-2C10-434A-AD46-515541FBEADC}.Debug|x86.Build.0 = Debug|x86
		{4B20DD4C-2C10-434A-AD46-515541FBEADC}.Release|Any CPU.ActiveCfg = Release|Any CPU
		{4B20DD4C-2C10-434A-AD46-515541FBEADC}.Release|Any CPU.Build.0 = Release|Any CPU
		{4B20DD4C-2C10-434A-AD46-515541FBEADC}.Release|x86.ActiveCfg = Release|x86
		{4B20DD4C-2C10-434A-AD46-515541FBEADC}.Release|x86.Build.0 = Release|x86
		{8C708A75-7D67-4F8B-A347-F994A468CEEB}.Debug|Any CPU.ActiveCfg = Debug|Any CPU
		{8C708A75-7D67-4F8B-A347-F994A468CEEB}.Debug|Any CPU.Build.0 = Debug|Any CPU
		{8C708A75-7D67-4F8B-A347-F994A468CEEB}.Debug|x86.ActiveCfg = Debug|x86
		{8C708A75-7D67-4F8B-A347-F994A468CEEB}.Debug|x86.Build.0 = Debug|x86
		{8C708A75-7D67-4F8B-A347-F994A468CEEB}.Release|Any CPU.ActiveCfg = Release|Any CPU
		{8C708A75-7D67-4F8B-A347-F994A468CEEB}.Release|Any CPU.Build.0 = Release|Any CPU
		{8C708A75-7D67-4F8B-A347-F994A468CEEB}.Release|x86.ActiveCfg = Release|x86
		{8C708A75-7D67-4F8B-A347-F994A468CEEB}.Release|x86.Build.0 = Release|x86
		{230E96DF-7DBB-4190-B10C-8881784E2F52}.Debug|Any CPU.ActiveCfg = Debug|Any CPU
		{230E96DF-7DBB-4190-B10C-8881784E2F52}.Debug|Any CPU.Build.0 = Debug|Any CPU
		{230E96DF-7DBB-4190-B10C-8881784E2F52}.Debug|x86.ActiveCfg = Debug|x86
		{230E96DF-7DBB-4190-B10C-8881784E2F52}.Debug|x86.Build.0 = Debug|x86
		{230E96DF-7DBB-4190-B10C-8881784E2F52}.Release|Any CPU.ActiveCfg = Release|Any CPU
		{230E96DF-7DBB-4190-B10C-8881784E2F52}.Release|Any CPU.Build.0 = Release|Any CPU
		{230E96DF-7DBB-4190-B10C-8881784E2F52}.Release|x86.ActiveCfg = Release|x86
		{230E96DF-7DBB-4190-B10C-8881784E2F52}.Release|x86.Build.0 = Release|x86
		{4C74F371-0AFF-47FB-A22E-FC687D312FDD}.Debug|Any CPU.ActiveCfg = Debug|Any CPU
		{4C74F371-0AFF-47FB-A22E-FC687D312FDD}.Debug|Any CPU.Build.0 = Debug|Any CPU
		{4C74F371-0AFF-47FB-A22E-FC687D312FDD}.Debug|x86.ActiveCfg = Debug|x86
		{4C74F371-0AFF-47FB-A22E-FC687D312FDD}.Debug|x86.Build.0 = Debug|x86
		{4C74F371-0AFF-47FB-A22E-FC687D312FDD}.Release|Any CPU.ActiveCfg = Release|Any CPU
		{4C74F371-0AFF-47FB-A22E-FC687D312FDD}.Release|Any CPU.Build.0 = Release|Any CPU
		{4C74F371-0AFF-47FB-A22E-FC687D312FDD}.Release|x86.ActiveCfg = Release|x86
		{4C74F371-0AFF-47FB-A22E-FC687D312FDD}.Release|x86.Build.0 = Release|x86
		{64679349-8588-4179-A6C6-30ADA0F7ED3F}.Debug|Any CPU.ActiveCfg = Debug|Any CPU
		{64679349-8588-4179-A6C6-30ADA0F7ED3F}.Debug|Any CPU.Build.0 = Debug|Any CPU
		{64679349-8588-4179-A6C6-30ADA0F7ED3F}.Debug|x86.ActiveCfg = Debug|x86
		{64679349-8588-4179-A6C6-30ADA0F7ED3F}.Debug|x86.Build.0 = Debug|x86
		{64679349-8588-4179-A6C6-30ADA0F7ED3F}.Release|Any CPU.ActiveCfg = Release|Any CPU
		{64679349-8588-4179-A6C6-30ADA0F7ED3F}.Release|Any CPU.Build.0 = Release|Any CPU
		{64679349-8588-4179-A6C6-30ADA0F7ED3F}.Release|x86.ActiveCfg = Release|x86
		{64679349-8588-4179-A6C6-30ADA0F7ED3F}.Release|x86.Build.0 = Release|x86
		{2A5D72BA-00C6-4AE9-A1BE-F9A2DB817A2D}.Debug|Any CPU.ActiveCfg = Debug|Any CPU
		{2A5D72BA-00C6-4AE9-A1BE-F9A2DB817A2D}.Debug|Any CPU.Build.0 = Debug|Any CPU
		{2A5D72BA-00C6-4AE9-A1BE-F9A2DB817A2D}.Debug|x86.ActiveCfg = Debug|x86
		{2A5D72BA-00C6-4AE9-A1BE-F9A2DB817A2D}.Debug|x86.Build.0 = Debug|x86
		{2A5D72BA-00C6-4AE9-A1BE-F9A2DB817A2D}.Release|Any CPU.ActiveCfg = Release|Any CPU
		{2A5D72BA-00C6-4AE9-A1BE-F9A2DB817A2D}.Release|Any CPU.Build.0 = Release|Any CPU
		{2A5D72BA-00C6-4AE9-A1BE-F9A2DB817A2D}.Release|x86.ActiveCfg = Release|x86
		{2A5D72BA-00C6-4AE9-A1BE-F9A2DB817A2D}.Release|x86.Build.0 = Release|x86
		{0F5C1B6D-888B-4BD3-B826-A5A43545411F}.Debug|Any CPU.ActiveCfg = Debug|Any CPU
		{0F5C1B6D-888B-4BD3-B826-A5A43545411F}.Debug|Any CPU.Build.0 = Debug|Any CPU
		{0F5C1B6D-888B-4BD3-B826-A5A43545411F}.Debug|x86.ActiveCfg = Debug|x86
		{0F5C1B6D-888B-4BD3-B826-A5A43545411F}.Debug|x86.Build.0 = Debug|x86
		{0F5C1B6D-888B-4BD3-B826-A5A43545411F}.Release|Any CPU.ActiveCfg = Release|Any CPU
		{0F5C1B6D-888B-4BD3-B826-A5A43545411F}.Release|Any CPU.Build.0 = Release|Any CPU
		{0F5C1B6D-888B-4BD3-B826-A5A43545411F}.Release|x86.ActiveCfg = Release|x86
		{0F5C1B6D-888B-4BD3-B826-A5A43545411F}.Release|x86.Build.0 = Release|x86
		{4AA52AB9-9481-4E62-AD5E-3F14E4AD45F1}.Debug|Any CPU.ActiveCfg = Debug|Any CPU
		{4AA52AB9-9481-4E62-AD5E-3F14E4AD45F1}.Debug|Any CPU.Build.0 = Debug|Any CPU
		{4AA52AB9-9481-4E62-AD5E-3F14E4AD45F1}.Debug|x86.ActiveCfg = Debug|x86
		{4AA52AB9-9481-4E62-AD5E-3F14E4AD45F1}.Debug|x86.Build.0 = Debug|x86
		{4AA52AB9-9481-4E62-AD5E-3F14E4AD45F1}.Release|Any CPU.ActiveCfg = Release|Any CPU
		{4AA52AB9-9481-4E62-AD5E-3F14E4AD45F1}.Release|Any CPU.Build.0 = Release|Any CPU
		{4AA52AB9-9481-4E62-AD5E-3F14E4AD45F1}.Release|x86.ActiveCfg = Release|x86
		{4AA52AB9-9481-4E62-AD5E-3F14E4AD45F1}.Release|x86.Build.0 = Release|x86
		{B8A5862D-DA5E-4DAF-8323-08AC94D6AA82}.Debug|Any CPU.ActiveCfg = Debug|Any CPU
		{B8A5862D-DA5E-4DAF-8323-08AC94D6AA82}.Debug|Any CPU.Build.0 = Debug|Any CPU
		{B8A5862D-DA5E-4DAF-8323-08AC94D6AA82}.Debug|x86.ActiveCfg = Debug|x86
		{B8A5862D-DA5E-4DAF-8323-08AC94D6AA82}.Debug|x86.Build.0 = Debug|x86
		{B8A5862D-DA5E-4DAF-8323-08AC94D6AA82}.Release|Any CPU.ActiveCfg = Release|Any CPU
		{B8A5862D-DA5E-4DAF-8323-08AC94D6AA82}.Release|Any CPU.Build.0 = Release|Any CPU
		{B8A5862D-DA5E-4DAF-8323-08AC94D6AA82}.Release|x86.ActiveCfg = Release|x86
		{B8A5862D-DA5E-4DAF-8323-08AC94D6AA82}.Release|x86.Build.0 = Release|x86
		{4DFE6313-761C-4294-B615-B80C0520BEEC}.Debug|Any CPU.ActiveCfg = Debug|Any CPU
		{4DFE6313-761C-4294-B615-B80C0520BEEC}.Debug|Any CPU.Build.0 = Debug|Any CPU
		{4DFE6313-761C-4294-B615-B80C0520BEEC}.Debug|x86.ActiveCfg = Debug|x86
		{4DFE6313-761C-4294-B615-B80C0520BEEC}.Debug|x86.Build.0 = Debug|x86
		{4DFE6313-761C-4294-B615-B80C0520BEEC}.Release|Any CPU.ActiveCfg = Release|Any CPU
		{4DFE6313-761C-4294-B615-B80C0520BEEC}.Release|Any CPU.Build.0 = Release|Any CPU
		{4DFE6313-761C-4294-B615-B80C0520BEEC}.Release|x86.ActiveCfg = Release|x86
		{4DFE6313-761C-4294-B615-B80C0520BEEC}.Release|x86.Build.0 = Release|x86
		{842A5F05-31CB-4688-9D2D-009467FE2D1F}.Debug|Any CPU.ActiveCfg = Debug|Any CPU
		{842A5F05-31CB-4688-9D2D-009467FE2D1F}.Debug|Any CPU.Build.0 = Debug|Any CPU
		{842A5F05-31CB-4688-9D2D-009467FE2D1F}.Debug|x86.ActiveCfg = Debug|x86
		{842A5F05-31CB-4688-9D2D-009467FE2D1F}.Debug|x86.Build.0 = Debug|x86
		{842A5F05-31CB-4688-9D2D-009467FE2D1F}.Release|Any CPU.ActiveCfg = Release|Any CPU
		{842A5F05-31CB-4688-9D2D-009467FE2D1F}.Release|Any CPU.Build.0 = Release|Any CPU
		{842A5F05-31CB-4688-9D2D-009467FE2D1F}.Release|x86.ActiveCfg = Release|x86
		{842A5F05-31CB-4688-9D2D-009467FE2D1F}.Release|x86.Build.0 = Release|x86
		{E4674A1E-1EB2-43DC-8949-83072718856B}.Debug|Any CPU.ActiveCfg = Debug|Any CPU
		{E4674A1E-1EB2-43DC-8949-83072718856B}.Debug|Any CPU.Build.0 = Debug|Any CPU
		{E4674A1E-1EB2-43DC-8949-83072718856B}.Debug|x86.ActiveCfg = Debug|x86
		{E4674A1E-1EB2-43DC-8949-83072718856B}.Debug|x86.Build.0 = Debug|x86
		{E4674A1E-1EB2-43DC-8949-83072718856B}.Release|Any CPU.ActiveCfg = Release|Any CPU
		{E4674A1E-1EB2-43DC-8949-83072718856B}.Release|Any CPU.Build.0 = Release|Any CPU
		{E4674A1E-1EB2-43DC-8949-83072718856B}.Release|x86.ActiveCfg = Release|x86
		{E4674A1E-1EB2-43DC-8949-83072718856B}.Release|x86.Build.0 = Release|x86
		{F6473AA2-F9AE-4675-B4F3-80D881FEF1AF}.Debug|Any CPU.ActiveCfg = Debug|Any CPU
		{F6473AA2-F9AE-4675-B4F3-80D881FEF1AF}.Debug|Any CPU.Build.0 = Debug|Any CPU
		{F6473AA2-F9AE-4675-B4F3-80D881FEF1AF}.Debug|x86.ActiveCfg = Debug|x86
		{F6473AA2-F9AE-4675-B4F3-80D881FEF1AF}.Debug|x86.Build.0 = Debug|x86
		{F6473AA2-F9AE-4675-B4F3-80D881FEF1AF}.Release|Any CPU.ActiveCfg = Release|Any CPU
		{F6473AA2-F9AE-4675-B4F3-80D881FEF1AF}.Release|Any CPU.Build.0 = Release|Any CPU
		{F6473AA2-F9AE-4675-B4F3-80D881FEF1AF}.Release|x86.ActiveCfg = Release|x86
		{F6473AA2-F9AE-4675-B4F3-80D881FEF1AF}.Release|x86.Build.0 = Release|x86
		{EC7C3137-62D2-4D53-B979-5F2095190997}.Debug|Any CPU.ActiveCfg = Debug|Any CPU
		{EC7C3137-62D2-4D53-B979-5F2095190997}.Debug|Any CPU.Build.0 = Debug|Any CPU
		{EC7C3137-62D2-4D53-B979-5F2095190997}.Debug|x86.ActiveCfg = Debug|x86
		{EC7C3137-62D2-4D53-B979-5F2095190997}.Debug|x86.Build.0 = Debug|x86
		{EC7C3137-62D2-4D53-B979-5F2095190997}.Release|Any CPU.ActiveCfg = Release|Any CPU
		{EC7C3137-62D2-4D53-B979-5F2095190997}.Release|Any CPU.Build.0 = Release|Any CPU
		{EC7C3137-62D2-4D53-B979-5F2095190997}.Release|x86.ActiveCfg = Release|x86
		{EC7C3137-62D2-4D53-B979-5F2095190997}.Release|x86.Build.0 = Release|x86
		{8B2DF90E-5AC0-48AD-9463-06858C8DE0AC}.Debug|Any CPU.ActiveCfg = Debug|Any CPU
		{8B2DF90E-5AC0-48AD-9463-06858C8DE0AC}.Debug|Any CPU.Build.0 = Debug|Any CPU
		{8B2DF90E-5AC0-48AD-9463-06858C8DE0AC}.Debug|x86.ActiveCfg = Debug|x86
		{8B2DF90E-5AC0-48AD-9463-06858C8DE0AC}.Debug|x86.Build.0 = Debug|x86
		{8B2DF90E-5AC0-48AD-9463-06858C8DE0AC}.Release|Any CPU.ActiveCfg = Release|Any CPU
		{8B2DF90E-5AC0-48AD-9463-06858C8DE0AC}.Release|Any CPU.Build.0 = Release|Any CPU
		{8B2DF90E-5AC0-48AD-9463-06858C8DE0AC}.Release|x86.ActiveCfg = Release|x86
		{8B2DF90E-5AC0-48AD-9463-06858C8DE0AC}.Release|x86.Build.0 = Release|x86
		{A8408D7B-20DD-4E4D-B65A-A4086F722391}.Debug|Any CPU.ActiveCfg = Debug|Any CPU
		{A8408D7B-20DD-4E4D-B65A-A4086F722391}.Debug|Any CPU.Build.0 = Debug|Any CPU
		{A8408D7B-20DD-4E4D-B65A-A4086F722391}.Debug|x86.ActiveCfg = Debug|x86
		{A8408D7B-20DD-4E4D-B65A-A4086F722391}.Debug|x86.Build.0 = Debug|x86
		{A8408D7B-20DD-4E4D-B65A-A4086F722391}.Release|Any CPU.ActiveCfg = Release|Any CPU
		{A8408D7B-20DD-4E4D-B65A-A4086F722391}.Release|Any CPU.Build.0 = Release|Any CPU
		{A8408D7B-20DD-4E4D-B65A-A4086F722391}.Release|x86.ActiveCfg = Release|Any CPU
		{A8408D7B-20DD-4E4D-B65A-A4086F722391}.Release|x86.Build.0 = Release|Any CPU
		{EF482BF0-69D6-4C4F-AE35-DAD53444853E}.Debug|Any CPU.ActiveCfg = Debug|Any CPU
		{EF482BF0-69D6-4C4F-AE35-DAD53444853E}.Debug|Any CPU.Build.0 = Debug|Any CPU
		{EF482BF0-69D6-4C4F-AE35-DAD53444853E}.Debug|x86.ActiveCfg = Debug|x86
		{EF482BF0-69D6-4C4F-AE35-DAD53444853E}.Debug|x86.Build.0 = Debug|x86
		{EF482BF0-69D6-4C4F-AE35-DAD53444853E}.Release|Any CPU.ActiveCfg = Release|Any CPU
		{EF482BF0-69D6-4C4F-AE35-DAD53444853E}.Release|Any CPU.Build.0 = Release|Any CPU
		{EF482BF0-69D6-4C4F-AE35-DAD53444853E}.Release|x86.ActiveCfg = Release|Any CPU
		{EF482BF0-69D6-4C4F-AE35-DAD53444853E}.Release|x86.Build.0 = Release|Any CPU
	EndGlobalSection
	GlobalSection(SolutionProperties) = preSolution
		HideSolutionNode = FALSE
	EndGlobalSection
	GlobalSection(NestedProjects) = preSolution
		{FECD1F34-2656-45E3-B382-7119003B5BCB} = {C0891230-F8DA-43AB-BA42-E6AC42294DD2}
		{9B70F05C-B2D0-4D95-9D1C-37E6E4F3D2AD} = {02F52184-4FCA-41A6-B2FB-9833CD23FBEC}
		{E6A9A5EC-DCD2-458D-98FC-4C6C20DB727E} = {02F52184-4FCA-41A6-B2FB-9833CD23FBEC}
		{FAD410C2-C70F-4E6F-8EFF-283B2598A28A} = {CF995AFB-CFBD-4EC9-A8D9-283D509878C2}
		{832163C6-3C7B-42C5-B9BF-DDA7CDF6E028} = {CF995AFB-CFBD-4EC9-A8D9-283D509878C2}
		{32869DDA-B1D3-49CB-AA62-6254E2C0D71D} = {02F52184-4FCA-41A6-B2FB-9833CD23FBEC}
		{822B33A8-9C15-4E9B-8A98-58E3C0A1787E} = {CF995AFB-CFBD-4EC9-A8D9-283D509878C2}
		{22387868-906B-4D3F-AE2A-9316459CEACC} = {8686E76F-0A9A-4F3C-AED7-E954757AADE0}
		{9E989402-4E60-4FF3-8ABB-AECA419442E3} = {23044735-BBEB-437F-A451-80952DACDB93}
		{4B20DD4C-2C10-434A-AD46-515541FBEADC} = {C0891230-F8DA-43AB-BA42-E6AC42294DD2}
		{8C708A75-7D67-4F8B-A347-F994A468CEEB} = {23044735-BBEB-437F-A451-80952DACDB93}
		{230E96DF-7DBB-4190-B10C-8881784E2F52} = {2CA195CE-9958-42AB-AB37-1E8534D81CD4}
		{4C74F371-0AFF-47FB-A22E-FC687D312FDD} = {2CA195CE-9958-42AB-AB37-1E8534D81CD4}
		{64679349-8588-4179-A6C6-30ADA0F7ED3F} = {2CA195CE-9958-42AB-AB37-1E8534D81CD4}
		{2A5D72BA-00C6-4AE9-A1BE-F9A2DB817A2D} = {2CA195CE-9958-42AB-AB37-1E8534D81CD4}
		{0F5C1B6D-888B-4BD3-B826-A5A43545411F} = {2CA195CE-9958-42AB-AB37-1E8534D81CD4}
		{4AA52AB9-9481-4E62-AD5E-3F14E4AD45F1} = {2CA195CE-9958-42AB-AB37-1E8534D81CD4}
		{B8A5862D-DA5E-4DAF-8323-08AC94D6AA82} = {23044735-BBEB-437F-A451-80952DACDB93}
		{4DFE6313-761C-4294-B615-B80C0520BEEC} = {19E1D90E-4A35-4A95-BE9A-376EAEFB6425}
		{842A5F05-31CB-4688-9D2D-009467FE2D1F} = {19E1D90E-4A35-4A95-BE9A-376EAEFB6425}
		{E4674A1E-1EB2-43DC-8949-83072718856B} = {8686E76F-0A9A-4F3C-AED7-E954757AADE0}
		{F6473AA2-F9AE-4675-B4F3-80D881FEF1AF} = {2CA195CE-9958-42AB-AB37-1E8534D81CD4}
		{EC7C3137-62D2-4D53-B979-5F2095190997} = {19E1D90E-4A35-4A95-BE9A-376EAEFB6425}
		{8B2DF90E-5AC0-48AD-9463-06858C8DE0AC} = {8686E76F-0A9A-4F3C-AED7-E954757AADE0}
		{A8408D7B-20DD-4E4D-B65A-A4086F722391} = {8686E76F-0A9A-4F3C-AED7-E954757AADE0}
		{EF482BF0-69D6-4C4F-AE35-DAD53444853E} = {8686E76F-0A9A-4F3C-AED7-E954757AADE0}
	EndGlobalSection
EndGlobal
